
Microsoft Visual Studio Solution File, Format Version 12.00
# Visual Studio Version 17
VisualStudioVersion = 17.13.35919.96
MinimumVisualStudioVersion = 10.0.40219.1
Project("{FAE04EC0-301F-11D3-BF4B-00C04F79EFBC}") = "GNA.Private.Mediator", "GNA.PrivateMediator\GNA.Private.Mediator.csproj", "{2CE049E4-1E2B-40CF-9095-B47326D845AB}"
EndProject
Global
	GlobalSection(SolutionConfigurationPlatforms) = preSolution
		Debug|Any CPU = Debug|Any CPU
		Release|Any CPU = Release|Any CPU
	EndGlobalSection
	GlobalSection(ProjectConfigurationPlatforms) = postSolution
		{2CE049E4-1E2B-40CF-9095-B47326D845AB}.Debug|Any CPU.ActiveCfg = Debug|Any CPU
		{2CE049E4-1E2B-40CF-9095-B47326D845AB}.Debug|Any CPU.Build.0 = Debug|Any CPU
		{2CE049E4-1E2B-40CF-9095-B47326D845AB}.Release|Any CPU.ActiveCfg = Release|Any CPU
		{2CE049E4-1E2B-40CF-9095-B47326D845AB}.Release|Any CPU.Build.0 = Release|Any CPU
	EndGlobalSection
	GlobalSection(SolutionProperties) = preSolution
		HideSolutionNode = FALSE
	EndGlobalSection
	GlobalSection(ExtensibilityGlobals) = postSolution
		SolutionGuid = {F0E315BF-47DF-4D45-B67C-E2CDA7A0E7E2}
	EndGlobalSection
EndGlobal
